
Microsoft Visual Studio Solution File, Format Version 12.00
# Visual Studio Version 16
VisualStudioVersion = 16.0.31515.178
MinimumVisualStudioVersion = 10.0.40219.1
Project("{FAE04EC0-301F-11D3-BF4B-00C04F79EFBC}") = "InventoryAPI", "InventoryAPI\InventoryAPI.csproj", "{6E09A3CA-AD31-4CD0-9A66-2C3530EBA44F}"
EndProject
Project("{FAE04EC0-301F-11D3-BF4B-00C04F79EFBC}") = "InventoryData.API", "InventoryData.API\InventoryData.API.csproj", "{BF0C5900-A090-4946-9DD9-F985A0BB50C2}"
EndProject
Global
	GlobalSection(SolutionConfigurationPlatforms) = preSolution
		Debug|Any CPU = Debug|Any CPU
		Release|Any CPU = Release|Any CPU
	EndGlobalSection
	GlobalSection(ProjectConfigurationPlatforms) = postSolution
		{6E09A3CA-AD31-4CD0-9A66-2C3530EBA44F}.Debug|Any CPU.ActiveCfg = Debug|Any CPU
		{6E09A3CA-AD31-4CD0-9A66-2C3530EBA44F}.Debug|Any CPU.Build.0 = Debug|Any CPU
		{6E09A3CA-AD31-4CD0-9A66-2C3530EBA44F}.Release|Any CPU.ActiveCfg = Release|Any CPU
		{6E09A3CA-AD31-4CD0-9A66-2C3530EBA44F}.Release|Any CPU.Build.0 = Release|Any CPU
		{BF0C5900-A090-4946-9DD9-F985A0BB50C2}.Debug|Any CPU.ActiveCfg = Debug|Any CPU
		{BF0C5900-A090-4946-9DD9-F985A0BB50C2}.Debug|Any CPU.Build.0 = Debug|Any CPU
		{BF0C5900-A090-4946-9DD9-F985A0BB50C2}.Release|Any CPU.ActiveCfg = Release|Any CPU
		{BF0C5900-A090-4946-9DD9-F985A0BB50C2}.Release|Any CPU.Build.0 = Release|Any CPU
	EndGlobalSection
	GlobalSection(SolutionProperties) = preSolution
		HideSolutionNode = FALSE
	EndGlobalSection
	GlobalSection(ExtensibilityGlobals) = postSolution
		SolutionGuid = {8505F745-4E94-492E-AD32-6FE4E3F0923A}
	EndGlobalSection
EndGlobal
