
Microsoft Visual Studio Solution File, Format Version 12.00
# Visual Studio Version 16
VisualStudioVersion = 16.0.30503.244
MinimumVisualStudioVersion = 10.0.40219.1
Project("{FAE04EC0-301F-11D3-BF4B-00C04F79EFBC}") = "CL-CRUD", "CL-CRUD.csproj", "{13F6B5FD-45F9-4A98-91EB-F6616FF80DE2}"
EndProject
Project("{9A19103F-16F7-4668-BE54-9A1E7A4F7556}") = "Domain", "..\Domain\Domain.csproj", "{0528BB91-9BF7-4304-883D-1C4FE493ABA3}"
EndProject
Project("{FAE04EC0-301F-11D3-BF4B-00C04F79EFBC}") = "Entity", "..\Entity\Entity.csproj", "{B314E567-42D0-43C2-B4AC-1C6091F8FAD5}"
EndProject
Global
	GlobalSection(SolutionConfigurationPlatforms) = preSolution
		Debug|Any CPU = Debug|Any CPU
		Release|Any CPU = Release|Any CPU
	EndGlobalSection
	GlobalSection(ProjectConfigurationPlatforms) = postSolution
		{13F6B5FD-45F9-4A98-91EB-F6616FF80DE2}.Debug|Any CPU.ActiveCfg = Debug|Any CPU
		{13F6B5FD-45F9-4A98-91EB-F6616FF80DE2}.Debug|Any CPU.Build.0 = Debug|Any CPU
		{13F6B5FD-45F9-4A98-91EB-F6616FF80DE2}.Release|Any CPU.ActiveCfg = Release|Any CPU
		{13F6B5FD-45F9-4A98-91EB-F6616FF80DE2}.Release|Any CPU.Build.0 = Release|Any CPU
		{0528BB91-9BF7-4304-883D-1C4FE493ABA3}.Debug|Any CPU.ActiveCfg = Debug|Any CPU
		{0528BB91-9BF7-4304-883D-1C4FE493ABA3}.Debug|Any CPU.Build.0 = Debug|Any CPU
		{0528BB91-9BF7-4304-883D-1C4FE493ABA3}.Release|Any CPU.ActiveCfg = Release|Any CPU
		{0528BB91-9BF7-4304-883D-1C4FE493ABA3}.Release|Any CPU.Build.0 = Release|Any CPU
		{B314E567-42D0-43C2-B4AC-1C6091F8FAD5}.Debug|Any CPU.ActiveCfg = Debug|Any CPU
		{B314E567-42D0-43C2-B4AC-1C6091F8FAD5}.Debug|Any CPU.Build.0 = Debug|Any CPU
		{B314E567-42D0-43C2-B4AC-1C6091F8FAD5}.Release|Any CPU.ActiveCfg = Release|Any CPU
		{B314E567-42D0-43C2-B4AC-1C6091F8FAD5}.Release|Any CPU.Build.0 = Release|Any CPU
	EndGlobalSection
	GlobalSection(SolutionProperties) = preSolution
		HideSolutionNode = FALSE
	EndGlobalSection
	GlobalSection(ExtensibilityGlobals) = postSolution
		SolutionGuid = {264769E7-FCD0-492A-AE25-ECBB5D9B5850}
	EndGlobalSection
EndGlobal
